// !$*UTF8*$!
{
	archiveVersion = 1;
	classes = {
	};
	objectVersion = 56;
	objects = {

/* Begin PBXBuildFile section */
		2216EA672A8CF24900C970DD /* AccountView.swift in Sources */ = {isa = PBXBuildFile; fileRef = 2216EA662A8CF24900C970DD /* AccountView.swift */; };
		2216EA692A8CF5C800C970DD /* FeedView.swift in Sources */ = {isa = PBXBuildFile; fileRef = 2216EA682A8CF5C800C970DD /* FeedView.swift */; };
		2216EA6B2A8CF69C00C970DD /* LoginView.swift in Sources */ = {isa = PBXBuildFile; fileRef = 2216EA6A2A8CF69C00C970DD /* LoginView.swift */; };
		2216EA6D2A8D217A00C970DD /* AuthenticationManager.swift in Sources */ = {isa = PBXBuildFile; fileRef = 2216EA6C2A8D217A00C970DD /* AuthenticationManager.swift */; };
		2216EA6F2A8D262400C970DD /* ErrorHandlingManager.swift in Sources */ = {isa = PBXBuildFile; fileRef = 2216EA6E2A8D262400C970DD /* ErrorHandlingManager.swift */; };
		2216EA712A8D2E7D00C970DD /* KeyChainManager.swift in Sources */ = {isa = PBXBuildFile; fileRef = 2216EA702A8D2E7D00C970DD /* KeyChainManager.swift */; };
		2216EA7F2A8D75A700C970DD /* TabBarView.swift in Sources */ = {isa = PBXBuildFile; fileRef = 2216EA7E2A8D75A700C970DD /* TabBarView.swift */; };
		2216EA812A8D761700C970DD /* PostView.swift in Sources */ = {isa = PBXBuildFile; fileRef = 2216EA802A8D761700C970DD /* PostView.swift */; };
		2216EA832A8D762400C970DD /* ExploreView.swift in Sources */ = {isa = PBXBuildFile; fileRef = 2216EA822A8D762400C970DD /* ExploreView.swift */; };
		2216EA862A8D765500C970DD /* StartView.swift in Sources */ = {isa = PBXBuildFile; fileRef = 2216EA852A8D765500C970DD /* StartView.swift */; };
		22430F952AAA5C2D00747827 /* ImagePickerView.swift in Sources */ = {isa = PBXBuildFile; fileRef = 22430F942AAA5C2D00747827 /* ImagePickerView.swift */; };
		22430F982AAA5CEC00747827 /* ImagePicker.swift in Sources */ = {isa = PBXBuildFile; fileRef = 22430F972AAA5CEC00747827 /* ImagePicker.swift */; };
		226B637C2AA78A85004620EE /* JobPosting.swift in Sources */ = {isa = PBXBuildFile; fileRef = 226B637B2AA78A85004620EE /* JobPosting.swift */; };
		226B637E2AA78AB4004620EE /* JobItem.swift in Sources */ = {isa = PBXBuildFile; fileRef = 226B637D2AA78AB4004620EE /* JobItem.swift */; };
		226B63802AA78ACD004620EE /* JobPreview.swift in Sources */ = {isa = PBXBuildFile; fileRef = 226B637F2AA78ACD004620EE /* JobPreview.swift */; };
		226B63822AA78BA1004620EE /* ApplicationForm.swift in Sources */ = {isa = PBXBuildFile; fileRef = 226B63812AA78BA1004620EE /* ApplicationForm.swift */; };
		226B63842AA78BCC004620EE /* JobForm.swift in Sources */ = {isa = PBXBuildFile; fileRef = 226B63832AA78BCC004620EE /* JobForm.swift */; };
		226B63862AA78C1F004620EE /* ApplicationPreview.swift in Sources */ = {isa = PBXBuildFile; fileRef = 226B63852AA78C1F004620EE /* ApplicationPreview.swift */; };
		226B63892AA790DB004620EE /* SignInForm.swift in Sources */ = {isa = PBXBuildFile; fileRef = 226B63882AA790DB004620EE /* SignInForm.swift */; };
		226B638B2AA790E6004620EE /* SignUpForm.swift in Sources */ = {isa = PBXBuildFile; fileRef = 226B638A2AA790E6004620EE /* SignUpForm.swift */; };
		22B8041B2AA890BC008D7108 /* URLImage in Frameworks */ = {isa = PBXBuildFile; productRef = 22B8041A2AA890BC008D7108 /* URLImage */; };
		22B8041D2AA891ED008D7108 /* JobDetail.swift in Sources */ = {isa = PBXBuildFile; fileRef = 22B8041C2AA891ED008D7108 /* JobDetail.swift */; };
		22B8041F2AA8F813008D7108 /* APIHandler.swift in Sources */ = {isa = PBXBuildFile; fileRef = 22B8041E2AA8F813008D7108 /* APIHandler.swift */; };
		22B804212AA8F90A008D7108 /* FeedHandler.swift in Sources */ = {isa = PBXBuildFile; fileRef = 22B804202AA8F90A008D7108 /* FeedHandler.swift */; };
		22B804232AA8F969008D7108 /* TokenHandler.swift in Sources */ = {isa = PBXBuildFile; fileRef = 22B804222AA8F969008D7108 /* TokenHandler.swift */; };
		22B804252AA9037A008D7108 /* AccountHandler.swift in Sources */ = {isa = PBXBuildFile; fileRef = 22B804242AA9037A008D7108 /* AccountHandler.swift */; };
		22B8045F2AA90E9C008D7108 /* JobHandler.swift in Sources */ = {isa = PBXBuildFile; fileRef = 22B8045E2AA90E9C008D7108 /* JobHandler.swift */; };
		22B804612AA90EB7008D7108 /* ApplicationHandler.swift in Sources */ = {isa = PBXBuildFile; fileRef = 22B804602AA90EB7008D7108 /* ApplicationHandler.swift */; };
		22B804632AA91570008D7108 /* UserModel.swift in Sources */ = {isa = PBXBuildFile; fileRef = 22B804622AA91570008D7108 /* UserModel.swift */; };
		22B804672AA91D37008D7108 /* ProfileView.swift in Sources */ = {isa = PBXBuildFile; fileRef = 22B804662AA91D37008D7108 /* ProfileView.swift */; };
		22B804692AA91D42008D7108 /* PreferencesView.swift in Sources */ = {isa = PBXBuildFile; fileRef = 22B804682AA91D42008D7108 /* PreferencesView.swift */; };
		22B8046B2AA91D4B008D7108 /* OwnJobsView.swift in Sources */ = {isa = PBXBuildFile; fileRef = 22B8046A2AA91D4B008D7108 /* OwnJobsView.swift */; };
		22B8046D2AA91D54008D7108 /* OwnApplicationsView.swift in Sources */ = {isa = PBXBuildFile; fileRef = 22B8046C2AA91D54008D7108 /* OwnApplicationsView.swift */; };
		22B8046F2AA92781008D7108 /* AccountInfo.swift in Sources */ = {isa = PBXBuildFile; fileRef = 22B8046E2AA92781008D7108 /* AccountInfo.swift */; };
		22D927792AA7B1400017678C /* JobModel.swift in Sources */ = {isa = PBXBuildFile; fileRef = 22D927782AA7B1400017678C /* JobModel.swift */; };
		22D9277B2AA7B1500017678C /* ApplicationModel.swift in Sources */ = {isa = PBXBuildFile; fileRef = 22D9277A2AA7B1500017678C /* ApplicationModel.swift */; };
		22D9277D2AA7B16F0017678C /* ReviewModel.swift in Sources */ = {isa = PBXBuildFile; fileRef = 22D9277C2AA7B16F0017678C /* ReviewModel.swift */; };
		22D9277F2AA7B1A00017678C /* PreferencesModel.swift in Sources */ = {isa = PBXBuildFile; fileRef = 22D9277E2AA7B1A00017678C /* PreferencesModel.swift */; };
		22D927812AA7B4DA0017678C /* SearchBarView.swift in Sources */ = {isa = PBXBuildFile; fileRef = 22D927802AA7B4DA0017678C /* SearchBarView.swift */; };
		22D927832AA7B4FE0017678C /* JobListView.swift in Sources */ = {isa = PBXBuildFile; fileRef = 22D927822AA7B4FE0017678C /* JobListView.swift */; };
		22D927852AA7BD390017678C /* ErrorViewModifier.swift in Sources */ = {isa = PBXBuildFile; fileRef = 22D927842AA7BD390017678C /* ErrorViewModifier.swift */; };
		22D927882AA7FAE90017678C /* HtmlView.swift in Sources */ = {isa = PBXBuildFile; fileRef = 22D927872AA7FAE90017678C /* HtmlView.swift */; };
		22D9278A2AA8015C0017678C /* FilterAndSortView.swift in Sources */ = {isa = PBXBuildFile; fileRef = 22D927892AA8015C0017678C /* FilterAndSortView.swift */; };
		22E40B052A8C20DB00D3F91E /* APIManager.swift in Sources */ = {isa = PBXBuildFile; fileRef = 22E40B042A8C20DB00D3F91E /* APIManager.swift */; };
		22E40B072A8C21AF00D3F91E /* APITypes.swift in Sources */ = {isa = PBXBuildFile; fileRef = 22E40B062A8C21AF00D3F91E /* APITypes.swift */; };
		22E73EC62A8BFDDF0042CF01 /* mobileApp.swift in Sources */ = {isa = PBXBuildFile; fileRef = 22E73EC52A8BFDDF0042CF01 /* mobileApp.swift */; };
		22E73EC82A8BFDDF0042CF01 /* ContentView.swift in Sources */ = {isa = PBXBuildFile; fileRef = 22E73EC72A8BFDDF0042CF01 /* ContentView.swift */; };
		22E73ECA2A8BFDE10042CF01 /* Assets.xcassets in Resources */ = {isa = PBXBuildFile; fileRef = 22E73EC92A8BFDE10042CF01 /* Assets.xcassets */; };
		22E73ECD2A8BFDE10042CF01 /* Preview Assets.xcassets in Resources */ = {isa = PBXBuildFile; fileRef = 22E73ECC2A8BFDE10042CF01 /* Preview Assets.xcassets */; };
		22E73ED72A8BFDE10042CF01 /* mobileTests.swift in Sources */ = {isa = PBXBuildFile; fileRef = 22E73ED62A8BFDE10042CF01 /* mobileTests.swift */; };
		22E73EE12A8BFDE10042CF01 /* mobileUITests.swift in Sources */ = {isa = PBXBuildFile; fileRef = 22E73EE02A8BFDE10042CF01 /* mobileUITests.swift */; };
		22E73EE32A8BFDE10042CF01 /* mobileUITestsLaunchTests.swift in Sources */ = {isa = PBXBuildFile; fileRef = 22E73EE22A8BFDE10042CF01 /* mobileUITestsLaunchTests.swift */; };
/* End PBXBuildFile section */

/* Begin PBXContainerItemProxy section */
		22E73ED32A8BFDE10042CF01 /* PBXContainerItemProxy */ = {
			isa = PBXContainerItemProxy;
			containerPortal = 22E73EBA2A8BFDDF0042CF01 /* Project object */;
			proxyType = 1;
			remoteGlobalIDString = 22E73EC12A8BFDDF0042CF01;
			remoteInfo = mobile;
		};
		22E73EDD2A8BFDE10042CF01 /* PBXContainerItemProxy */ = {
			isa = PBXContainerItemProxy;
			containerPortal = 22E73EBA2A8BFDDF0042CF01 /* Project object */;
			proxyType = 1;
			remoteGlobalIDString = 22E73EC12A8BFDDF0042CF01;
			remoteInfo = mobile;
		};
/* End PBXContainerItemProxy section */

/* Begin PBXFileReference section */
		2216EA662A8CF24900C970DD /* AccountView.swift */ = {isa = PBXFileReference; lastKnownFileType = sourcecode.swift; path = AccountView.swift; sourceTree = "<group>"; };
		2216EA682A8CF5C800C970DD /* FeedView.swift */ = {isa = PBXFileReference; lastKnownFileType = sourcecode.swift; path = FeedView.swift; sourceTree = "<group>"; };
		2216EA6A2A8CF69C00C970DD /* LoginView.swift */ = {isa = PBXFileReference; lastKnownFileType = sourcecode.swift; path = LoginView.swift; sourceTree = "<group>"; };
		2216EA6C2A8D217A00C970DD /* AuthenticationManager.swift */ = {isa = PBXFileReference; lastKnownFileType = sourcecode.swift; path = AuthenticationManager.swift; sourceTree = "<group>"; };
		2216EA6E2A8D262400C970DD /* ErrorHandlingManager.swift */ = {isa = PBXFileReference; lastKnownFileType = sourcecode.swift; path = ErrorHandlingManager.swift; sourceTree = "<group>"; };
		2216EA702A8D2E7D00C970DD /* KeyChainManager.swift */ = {isa = PBXFileReference; lastKnownFileType = sourcecode.swift; path = KeyChainManager.swift; sourceTree = "<group>"; };
		2216EA772A8D729000C970DD /* README.md */ = {isa = PBXFileReference; lastKnownFileType = net.daringfireball.markdown; path = README.md; sourceTree = "<group>"; };
		2216EA782A8D72CB00C970DD /* README.md */ = {isa = PBXFileReference; lastKnownFileType = net.daringfireball.markdown; path = README.md; sourceTree = "<group>"; };
		2216EA792A8D72F100C970DD /* README.md */ = {isa = PBXFileReference; lastKnownFileType = net.daringfireball.markdown; path = README.md; sourceTree = "<group>"; };
		2216EA7A2A8D730E00C970DD /* README.md */ = {isa = PBXFileReference; lastKnownFileType = net.daringfireball.markdown; path = README.md; sourceTree = "<group>"; };
		2216EA7C2A8D73E600C970DD /* README.md */ = {isa = PBXFileReference; lastKnownFileType = net.daringfireball.markdown; path = README.md; sourceTree = "<group>"; };
		2216EA7E2A8D75A700C970DD /* TabBarView.swift */ = {isa = PBXFileReference; lastKnownFileType = sourcecode.swift; path = TabBarView.swift; sourceTree = "<group>"; };
		2216EA802A8D761700C970DD /* PostView.swift */ = {isa = PBXFileReference; lastKnownFileType = sourcecode.swift; path = PostView.swift; sourceTree = "<group>"; };
		2216EA822A8D762400C970DD /* ExploreView.swift */ = {isa = PBXFileReference; lastKnownFileType = sourcecode.swift; path = ExploreView.swift; sourceTree = "<group>"; };
		2216EA852A8D765500C970DD /* StartView.swift */ = {isa = PBXFileReference; lastKnownFileType = sourcecode.swift; path = StartView.swift; sourceTree = "<group>"; };
		22430F942AAA5C2D00747827 /* ImagePickerView.swift */ = {isa = PBXFileReference; lastKnownFileType = sourcecode.swift; path = ImagePickerView.swift; sourceTree = "<group>"; };
		22430F972AAA5CEC00747827 /* ImagePicker.swift */ = {isa = PBXFileReference; lastKnownFileType = sourcecode.swift; path = ImagePicker.swift; sourceTree = "<group>"; };
		226B637B2AA78A85004620EE /* JobPosting.swift */ = {isa = PBXFileReference; lastKnownFileType = sourcecode.swift; path = JobPosting.swift; sourceTree = "<group>"; };
		226B637D2AA78AB4004620EE /* JobItem.swift */ = {isa = PBXFileReference; lastKnownFileType = sourcecode.swift; path = JobItem.swift; sourceTree = "<group>"; };
		226B637F2AA78ACD004620EE /* JobPreview.swift */ = {isa = PBXFileReference; lastKnownFileType = sourcecode.swift; path = JobPreview.swift; sourceTree = "<group>"; };
		226B63812AA78BA1004620EE /* ApplicationForm.swift */ = {isa = PBXFileReference; lastKnownFileType = sourcecode.swift; path = ApplicationForm.swift; sourceTree = "<group>"; };
		226B63832AA78BCC004620EE /* JobForm.swift */ = {isa = PBXFileReference; lastKnownFileType = sourcecode.swift; path = JobForm.swift; sourceTree = "<group>"; };
		226B63852AA78C1F004620EE /* ApplicationPreview.swift */ = {isa = PBXFileReference; lastKnownFileType = sourcecode.swift; path = ApplicationPreview.swift; sourceTree = "<group>"; };
		226B63882AA790DB004620EE /* SignInForm.swift */ = {isa = PBXFileReference; lastKnownFileType = sourcecode.swift; path = SignInForm.swift; sourceTree = "<group>"; };
		226B638A2AA790E6004620EE /* SignUpForm.swift */ = {isa = PBXFileReference; lastKnownFileType = sourcecode.swift; path = SignUpForm.swift; sourceTree = "<group>"; };
		22B8041C2AA891ED008D7108 /* JobDetail.swift */ = {isa = PBXFileReference; lastKnownFileType = sourcecode.swift; path = JobDetail.swift; sourceTree = "<group>"; };
		22B8041E2AA8F813008D7108 /* APIHandler.swift */ = {isa = PBXFileReference; lastKnownFileType = sourcecode.swift; path = APIHandler.swift; sourceTree = "<group>"; };
		22B804202AA8F90A008D7108 /* FeedHandler.swift */ = {isa = PBXFileReference; lastKnownFileType = sourcecode.swift; path = FeedHandler.swift; sourceTree = "<group>"; };
		22B804222AA8F969008D7108 /* TokenHandler.swift */ = {isa = PBXFileReference; lastKnownFileType = sourcecode.swift; path = TokenHandler.swift; sourceTree = "<group>"; };
		22B804242AA9037A008D7108 /* AccountHandler.swift */ = {isa = PBXFileReference; lastKnownFileType = sourcecode.swift; path = AccountHandler.swift; sourceTree = "<group>"; };
		22B8045E2AA90E9C008D7108 /* JobHandler.swift */ = {isa = PBXFileReference; lastKnownFileType = sourcecode.swift; path = JobHandler.swift; sourceTree = "<group>"; };
		22B804602AA90EB7008D7108 /* ApplicationHandler.swift */ = {isa = PBXFileReference; lastKnownFileType = sourcecode.swift; path = ApplicationHandler.swift; sourceTree = "<group>"; };
		22B804622AA91570008D7108 /* UserModel.swift */ = {isa = PBXFileReference; lastKnownFileType = sourcecode.swift; path = UserModel.swift; sourceTree = "<group>"; };
		22B804662AA91D37008D7108 /* ProfileView.swift */ = {isa = PBXFileReference; lastKnownFileType = sourcecode.swift; path = ProfileView.swift; sourceTree = "<group>"; };
		22B804682AA91D42008D7108 /* PreferencesView.swift */ = {isa = PBXFileReference; lastKnownFileType = sourcecode.swift; path = PreferencesView.swift; sourceTree = "<group>"; };
		22B8046A2AA91D4B008D7108 /* OwnJobsView.swift */ = {isa = PBXFileReference; lastKnownFileType = sourcecode.swift; path = OwnJobsView.swift; sourceTree = "<group>"; };
		22B8046C2AA91D54008D7108 /* OwnApplicationsView.swift */ = {isa = PBXFileReference; lastKnownFileType = sourcecode.swift; path = OwnApplicationsView.swift; sourceTree = "<group>"; };
		22B8046E2AA92781008D7108 /* AccountInfo.swift */ = {isa = PBXFileReference; lastKnownFileType = sourcecode.swift; path = AccountInfo.swift; sourceTree = "<group>"; };
		22D927782AA7B1400017678C /* JobModel.swift */ = {isa = PBXFileReference; lastKnownFileType = sourcecode.swift; path = JobModel.swift; sourceTree = "<group>"; };
		22D9277A2AA7B1500017678C /* ApplicationModel.swift */ = {isa = PBXFileReference; lastKnownFileType = sourcecode.swift; path = ApplicationModel.swift; sourceTree = "<group>"; };
		22D9277C2AA7B16F0017678C /* ReviewModel.swift */ = {isa = PBXFileReference; lastKnownFileType = sourcecode.swift; path = ReviewModel.swift; sourceTree = "<group>"; };
		22D9277E2AA7B1A00017678C /* PreferencesModel.swift */ = {isa = PBXFileReference; lastKnownFileType = sourcecode.swift; path = PreferencesModel.swift; sourceTree = "<group>"; };
		22D927802AA7B4DA0017678C /* SearchBarView.swift */ = {isa = PBXFileReference; lastKnownFileType = sourcecode.swift; path = SearchBarView.swift; sourceTree = "<group>"; };
		22D927822AA7B4FE0017678C /* JobListView.swift */ = {isa = PBXFileReference; lastKnownFileType = sourcecode.swift; path = JobListView.swift; sourceTree = "<group>"; };
		22D927842AA7BD390017678C /* ErrorViewModifier.swift */ = {isa = PBXFileReference; lastKnownFileType = sourcecode.swift; path = ErrorViewModifier.swift; sourceTree = "<group>"; };
		22D927872AA7FAE90017678C /* HtmlView.swift */ = {isa = PBXFileReference; lastKnownFileType = sourcecode.swift; path = HtmlView.swift; sourceTree = "<group>"; };
		22D927892AA8015C0017678C /* FilterAndSortView.swift */ = {isa = PBXFileReference; lastKnownFileType = sourcecode.swift; path = FilterAndSortView.swift; sourceTree = "<group>"; };
		22E40B042A8C20DB00D3F91E /* APIManager.swift */ = {isa = PBXFileReference; lastKnownFileType = sourcecode.swift; path = APIManager.swift; sourceTree = "<group>"; };
		22E40B062A8C21AF00D3F91E /* APITypes.swift */ = {isa = PBXFileReference; lastKnownFileType = sourcecode.swift; path = APITypes.swift; sourceTree = "<group>"; };
		22E73EC22A8BFDDF0042CF01 /* mobile.app */ = {isa = PBXFileReference; explicitFileType = wrapper.application; includeInIndex = 0; path = mobile.app; sourceTree = BUILT_PRODUCTS_DIR; };
		22E73EC52A8BFDDF0042CF01 /* mobileApp.swift */ = {isa = PBXFileReference; lastKnownFileType = sourcecode.swift; path = mobileApp.swift; sourceTree = "<group>"; };
		22E73EC72A8BFDDF0042CF01 /* ContentView.swift */ = {isa = PBXFileReference; lastKnownFileType = sourcecode.swift; path = ContentView.swift; sourceTree = "<group>"; };
		22E73EC92A8BFDE10042CF01 /* Assets.xcassets */ = {isa = PBXFileReference; lastKnownFileType = folder.assetcatalog; path = Assets.xcassets; sourceTree = "<group>"; };
		22E73ECC2A8BFDE10042CF01 /* Preview Assets.xcassets */ = {isa = PBXFileReference; lastKnownFileType = folder.assetcatalog; path = "Preview Assets.xcassets"; sourceTree = "<group>"; };
		22E73ED22A8BFDE10042CF01 /* mobileTests.xctest */ = {isa = PBXFileReference; explicitFileType = wrapper.cfbundle; includeInIndex = 0; path = mobileTests.xctest; sourceTree = BUILT_PRODUCTS_DIR; };
		22E73ED62A8BFDE10042CF01 /* mobileTests.swift */ = {isa = PBXFileReference; lastKnownFileType = sourcecode.swift; path = mobileTests.swift; sourceTree = "<group>"; };
		22E73EDC2A8BFDE10042CF01 /* mobileUITests.xctest */ = {isa = PBXFileReference; explicitFileType = wrapper.cfbundle; includeInIndex = 0; path = mobileUITests.xctest; sourceTree = BUILT_PRODUCTS_DIR; };
		22E73EE02A8BFDE10042CF01 /* mobileUITests.swift */ = {isa = PBXFileReference; lastKnownFileType = sourcecode.swift; path = mobileUITests.swift; sourceTree = "<group>"; };
		22E73EE22A8BFDE10042CF01 /* mobileUITestsLaunchTests.swift */ = {isa = PBXFileReference; lastKnownFileType = sourcecode.swift; path = mobileUITestsLaunchTests.swift; sourceTree = "<group>"; };
		22E73EEF2A8BFE090042CF01 /* README.md */ = {isa = PBXFileReference; lastKnownFileType = net.daringfireball.markdown; path = README.md; sourceTree = "<group>"; };
/* End PBXFileReference section */

/* Begin PBXFrameworksBuildPhase section */
		22E73EBF2A8BFDDF0042CF01 /* Frameworks */ = {
			isa = PBXFrameworksBuildPhase;
			buildActionMask = 2147483647;
			files = (
				22B8041B2AA890BC008D7108 /* URLImage in Frameworks */,
			);
			runOnlyForDeploymentPostprocessing = 0;
		};
		22E73ECF2A8BFDE10042CF01 /* Frameworks */ = {
			isa = PBXFrameworksBuildPhase;
			buildActionMask = 2147483647;
			files = (
			);
			runOnlyForDeploymentPostprocessing = 0;
		};
		22E73ED92A8BFDE10042CF01 /* Frameworks */ = {
			isa = PBXFrameworksBuildPhase;
			buildActionMask = 2147483647;
			files = (
			);
			runOnlyForDeploymentPostprocessing = 0;
		};
/* End PBXFrameworksBuildPhase section */

/* Begin PBXGroup section */
		2216EA652A8CF1C000C970DD /* Views */ = {
			isa = PBXGroup;
			children = (
				22D927862AA7FAD50017678C /* Shared */,
				226B63872AA790B8004620EE /* Components */,
				226B637A2AA78A41004620EE /* Forms */,
				2216EA7B2A8D734B00C970DD /* PostPage */,
				2216EA762A8D723800C970DD /* ExplorePage */,
				2216EA752A8D721400C970DD /* AccountPage */,
				2216EA742A8D720500C970DD /* FeedPage */,
				2216EA732A8D71E300C970DD /* StartPage */,
				2216EA6A2A8CF69C00C970DD /* LoginView.swift */,
				2216EA7E2A8D75A700C970DD /* TabBarView.swift */,
			);
			path = Views;
			sourceTree = "<group>";
		};
		2216EA722A8D391800C970DD /* Controllers */ = {
			isa = PBXGroup;
			children = (
				2216EA6C2A8D217A00C970DD /* AuthenticationManager.swift */,
				2216EA702A8D2E7D00C970DD /* KeyChainManager.swift */,
				2216EA6E2A8D262400C970DD /* ErrorHandlingManager.swift */,
			);
			path = Controllers;
			sourceTree = "<group>";
		};
		2216EA732A8D71E300C970DD /* StartPage */ = {
			isa = PBXGroup;
			children = (
				2216EA7A2A8D730E00C970DD /* README.md */,
				2216EA852A8D765500C970DD /* StartView.swift */,
			);
			path = StartPage;
			sourceTree = "<group>";
		};
		2216EA742A8D720500C970DD /* FeedPage */ = {
			isa = PBXGroup;
			children = (
				2216EA792A8D72F100C970DD /* README.md */,
				2216EA682A8CF5C800C970DD /* FeedView.swift */,
			);
			path = FeedPage;
			sourceTree = "<group>";
		};
		2216EA752A8D721400C970DD /* AccountPage */ = {
			isa = PBXGroup;
			children = (
				2216EA782A8D72CB00C970DD /* README.md */,
				2216EA662A8CF24900C970DD /* AccountView.swift */,
				22B804662AA91D37008D7108 /* ProfileView.swift */,
				22B804682AA91D42008D7108 /* PreferencesView.swift */,
				22B8046A2AA91D4B008D7108 /* OwnJobsView.swift */,
				22B8046C2AA91D54008D7108 /* OwnApplicationsView.swift */,
				22B8046E2AA92781008D7108 /* AccountInfo.swift */,
			);
			path = AccountPage;
			sourceTree = "<group>";
		};
		2216EA762A8D723800C970DD /* ExplorePage */ = {
			isa = PBXGroup;
			children = (
				2216EA772A8D729000C970DD /* README.md */,
				2216EA822A8D762400C970DD /* ExploreView.swift */,
				22D927802AA7B4DA0017678C /* SearchBarView.swift */,
				22D927892AA8015C0017678C /* FilterAndSortView.swift */,
			);
			path = ExplorePage;
			sourceTree = "<group>";
		};
		2216EA7B2A8D734B00C970DD /* PostPage */ = {
			isa = PBXGroup;
			children = (
				2216EA7C2A8D73E600C970DD /* README.md */,
				2216EA802A8D761700C970DD /* PostView.swift */,
			);
			path = PostPage;
			sourceTree = "<group>";
		};
		2216EA7D2A8D74FF00C970DD /* Main */ = {
			isa = PBXGroup;
			children = (
				22E73EC52A8BFDDF0042CF01 /* mobileApp.swift */,
				22E73EC72A8BFDDF0042CF01 /* ContentView.swift */,
				22D927842AA7BD390017678C /* ErrorViewModifier.swift */,
			);
			path = Main;
			sourceTree = "<group>";
		};
		22430F962AAA5CE100747827 /* New Group */ = {
			isa = PBXGroup;
			children = (
			);
			path = "New Group";
			sourceTree = "<group>";
		};
		226B637A2AA78A41004620EE /* Forms */ = {
			isa = PBXGroup;
			children = (
				226B63812AA78BA1004620EE /* ApplicationForm.swift */,
				226B63832AA78BCC004620EE /* JobForm.swift */,
				226B63882AA790DB004620EE /* SignInForm.swift */,
				226B638A2AA790E6004620EE /* SignUpForm.swift */,
			);
			path = Forms;
			sourceTree = "<group>";
		};
		226B63872AA790B8004620EE /* Components */ = {
			isa = PBXGroup;
			children = (
				226B637B2AA78A85004620EE /* JobPosting.swift */,
				226B637D2AA78AB4004620EE /* JobItem.swift */,
				226B637F2AA78ACD004620EE /* JobPreview.swift */,
				226B63852AA78C1F004620EE /* ApplicationPreview.swift */,
				22B8041C2AA891ED008D7108 /* JobDetail.swift */,
			);
			path = Components;
			sourceTree = "<group>";
		};
		22D927772AA7B1340017678C /* Models */ = {
			isa = PBXGroup;
			children = (
				22D927782AA7B1400017678C /* JobModel.swift */,
				22D9277A2AA7B1500017678C /* ApplicationModel.swift */,
				22D9277C2AA7B16F0017678C /* ReviewModel.swift */,
				22D9277E2AA7B1A00017678C /* PreferencesModel.swift */,
				22B804622AA91570008D7108 /* UserModel.swift */,
			);
			path = Models;
			sourceTree = "<group>";
		};
		22D927862AA7FAD50017678C /* Shared */ = {
			isa = PBXGroup;
			children = (
				22430F962AAA5CE100747827 /* New Group */,
				22D927822AA7B4FE0017678C /* JobListView.swift */,
				22D927872AA7FAE90017678C /* HtmlView.swift */,
				22430F942AAA5C2D00747827 /* ImagePickerView.swift */,
				22430F972AAA5CEC00747827 /* ImagePicker.swift */,
			);
			path = Shared;
			sourceTree = "<group>";
		};
		22E40B032A8C20C000D3F91E /* Networking */ = {
			isa = PBXGroup;
			children = (
				22E40B042A8C20DB00D3F91E /* APIManager.swift */,
				22E40B062A8C21AF00D3F91E /* APITypes.swift */,
				22B8041E2AA8F813008D7108 /* APIHandler.swift */,
				22B804202AA8F90A008D7108 /* FeedHandler.swift */,
				22B804222AA8F969008D7108 /* TokenHandler.swift */,
				22B804242AA9037A008D7108 /* AccountHandler.swift */,
				22B8045E2AA90E9C008D7108 /* JobHandler.swift */,
				22B804602AA90EB7008D7108 /* ApplicationHandler.swift */,
			);
			path = Networking;
			sourceTree = "<group>";
		};
		22E73EB92A8BFDDF0042CF01 = {
			isa = PBXGroup;
			children = (
				22E73EEF2A8BFE090042CF01 /* README.md */,
				22E73EC42A8BFDDF0042CF01 /* mobile */,
				22E73ED52A8BFDE10042CF01 /* mobileTests */,
				22E73EDF2A8BFDE10042CF01 /* mobileUITests */,
				22E73EC32A8BFDDF0042CF01 /* Products */,
			);
			sourceTree = "<group>";
		};
		22E73EC32A8BFDDF0042CF01 /* Products */ = {
			isa = PBXGroup;
			children = (
				22E73EC22A8BFDDF0042CF01 /* mobile.app */,
				22E73ED22A8BFDE10042CF01 /* mobileTests.xctest */,
				22E73EDC2A8BFDE10042CF01 /* mobileUITests.xctest */,
			);
			name = Products;
			sourceTree = "<group>";
		};
		22E73EC42A8BFDDF0042CF01 /* mobile */ = {
			isa = PBXGroup;
			children = (
				22D927772AA7B1340017678C /* Models */,
				2216EA7D2A8D74FF00C970DD /* Main */,
				2216EA722A8D391800C970DD /* Controllers */,
				2216EA652A8CF1C000C970DD /* Views */,
				22E40B032A8C20C000D3F91E /* Networking */,
				22E73EC92A8BFDE10042CF01 /* Assets.xcassets */,
				22E73ECB2A8BFDE10042CF01 /* Preview Content */,
			);
			path = mobile;
			sourceTree = "<group>";
		};
		22E73ECB2A8BFDE10042CF01 /* Preview Content */ = {
			isa = PBXGroup;
			children = (
				22E73ECC2A8BFDE10042CF01 /* Preview Assets.xcassets */,
			);
			path = "Preview Content";
			sourceTree = "<group>";
		};
		22E73ED52A8BFDE10042CF01 /* mobileTests */ = {
			isa = PBXGroup;
			children = (
				22E73ED62A8BFDE10042CF01 /* mobileTests.swift */,
			);
			path = mobileTests;
			sourceTree = "<group>";
		};
		22E73EDF2A8BFDE10042CF01 /* mobileUITests */ = {
			isa = PBXGroup;
			children = (
				22E73EE02A8BFDE10042CF01 /* mobileUITests.swift */,
				22E73EE22A8BFDE10042CF01 /* mobileUITestsLaunchTests.swift */,
			);
			path = mobileUITests;
			sourceTree = "<group>";
		};
/* End PBXGroup section */

/* Begin PBXNativeTarget section */
		22E73EC12A8BFDDF0042CF01 /* mobile */ = {
			isa = PBXNativeTarget;
			buildConfigurationList = 22E73EE62A8BFDE10042CF01 /* Build configuration list for PBXNativeTarget "mobile" */;
			buildPhases = (
				22E73EBE2A8BFDDF0042CF01 /* Sources */,
				22E73EBF2A8BFDDF0042CF01 /* Frameworks */,
				22E73EC02A8BFDDF0042CF01 /* Resources */,
			);
			buildRules = (
			);
			dependencies = (
			);
			name = mobile;
			packageProductDependencies = (
				22B8041A2AA890BC008D7108 /* URLImage */,
			);
			productName = mobile;
			productReference = 22E73EC22A8BFDDF0042CF01 /* mobile.app */;
			productType = "com.apple.product-type.application";
		};
		22E73ED12A8BFDE10042CF01 /* mobileTests */ = {
			isa = PBXNativeTarget;
			buildConfigurationList = 22E73EE92A8BFDE10042CF01 /* Build configuration list for PBXNativeTarget "mobileTests" */;
			buildPhases = (
				22E73ECE2A8BFDE10042CF01 /* Sources */,
				22E73ECF2A8BFDE10042CF01 /* Frameworks */,
				22E73ED02A8BFDE10042CF01 /* Resources */,
			);
			buildRules = (
			);
			dependencies = (
				22E73ED42A8BFDE10042CF01 /* PBXTargetDependency */,
			);
			name = mobileTests;
			productName = mobileTests;
			productReference = 22E73ED22A8BFDE10042CF01 /* mobileTests.xctest */;
			productType = "com.apple.product-type.bundle.unit-test";
		};
		22E73EDB2A8BFDE10042CF01 /* mobileUITests */ = {
			isa = PBXNativeTarget;
			buildConfigurationList = 22E73EEC2A8BFDE10042CF01 /* Build configuration list for PBXNativeTarget "mobileUITests" */;
			buildPhases = (
				22E73ED82A8BFDE10042CF01 /* Sources */,
				22E73ED92A8BFDE10042CF01 /* Frameworks */,
				22E73EDA2A8BFDE10042CF01 /* Resources */,
			);
			buildRules = (
			);
			dependencies = (
				22E73EDE2A8BFDE10042CF01 /* PBXTargetDependency */,
			);
			name = mobileUITests;
			productName = mobileUITests;
			productReference = 22E73EDC2A8BFDE10042CF01 /* mobileUITests.xctest */;
			productType = "com.apple.product-type.bundle.ui-testing";
		};
/* End PBXNativeTarget section */

/* Begin PBXProject section */
		22E73EBA2A8BFDDF0042CF01 /* Project object */ = {
			isa = PBXProject;
			attributes = {
				BuildIndependentTargetsInParallel = 1;
				LastSwiftUpdateCheck = 1430;
				LastUpgradeCheck = 1430;
				TargetAttributes = {
					22E73EC12A8BFDDF0042CF01 = {
						CreatedOnToolsVersion = 14.3.1;
					};
					22E73ED12A8BFDE10042CF01 = {
						CreatedOnToolsVersion = 14.3.1;
						TestTargetID = 22E73EC12A8BFDDF0042CF01;
					};
					22E73EDB2A8BFDE10042CF01 = {
						CreatedOnToolsVersion = 14.3.1;
						TestTargetID = 22E73EC12A8BFDDF0042CF01;
					};
				};
			};
			buildConfigurationList = 22E73EBD2A8BFDDF0042CF01 /* Build configuration list for PBXProject "mobile" */;
			compatibilityVersion = "Xcode 14.0";
			developmentRegion = en;
			hasScannedForEncodings = 0;
			knownRegions = (
				en,
				Base,
			);
			mainGroup = 22E73EB92A8BFDDF0042CF01;
			packageReferences = (
				22B804192AA890BC008D7108 /* XCRemoteSwiftPackageReference "url-image" */,
			);
			productRefGroup = 22E73EC32A8BFDDF0042CF01 /* Products */;
			projectDirPath = "";
			projectRoot = "";
			targets = (
				22E73EC12A8BFDDF0042CF01 /* mobile */,
				22E73ED12A8BFDE10042CF01 /* mobileTests */,
				22E73EDB2A8BFDE10042CF01 /* mobileUITests */,
			);
		};
/* End PBXProject section */

/* Begin PBXResourcesBuildPhase section */
		22E73EC02A8BFDDF0042CF01 /* Resources */ = {
			isa = PBXResourcesBuildPhase;
			buildActionMask = 2147483647;
			files = (
				22E73ECD2A8BFDE10042CF01 /* Preview Assets.xcassets in Resources */,
				22E73ECA2A8BFDE10042CF01 /* Assets.xcassets in Resources */,
			);
			runOnlyForDeploymentPostprocessing = 0;
		};
		22E73ED02A8BFDE10042CF01 /* Resources */ = {
			isa = PBXResourcesBuildPhase;
			buildActionMask = 2147483647;
			files = (
			);
			runOnlyForDeploymentPostprocessing = 0;
		};
		22E73EDA2A8BFDE10042CF01 /* Resources */ = {
			isa = PBXResourcesBuildPhase;
			buildActionMask = 2147483647;
			files = (
			);
			runOnlyForDeploymentPostprocessing = 0;
		};
/* End PBXResourcesBuildPhase section */

/* Begin PBXSourcesBuildPhase section */
		22E73EBE2A8BFDDF0042CF01 /* Sources */ = {
			isa = PBXSourcesBuildPhase;
			buildActionMask = 2147483647;
			files = (
				22D927792AA7B1400017678C /* JobModel.swift in Sources */,
				22E40B052A8C20DB00D3F91E /* APIManager.swift in Sources */,
				2216EA6D2A8D217A00C970DD /* AuthenticationManager.swift in Sources */,
				226B637E2AA78AB4004620EE /* JobItem.swift in Sources */,
				22430F952AAA5C2D00747827 /* ImagePickerView.swift in Sources */,
				22D9278A2AA8015C0017678C /* FilterAndSortView.swift in Sources */,
				22B804232AA8F969008D7108 /* TokenHandler.swift in Sources */,
				226B638B2AA790E6004620EE /* SignUpForm.swift in Sources */,
				22D927852AA7BD390017678C /* ErrorViewModifier.swift in Sources */,
				22B8041F2AA8F813008D7108 /* APIHandler.swift in Sources */,
				22D9277D2AA7B16F0017678C /* ReviewModel.swift in Sources */,
				22D927882AA7FAE90017678C /* HtmlView.swift in Sources */,
				2216EA7F2A8D75A700C970DD /* TabBarView.swift in Sources */,
				22430F982AAA5CEC00747827 /* ImagePicker.swift in Sources */,
				22D9277B2AA7B1500017678C /* ApplicationModel.swift in Sources */,
				22D9277F2AA7B1A00017678C /* PreferencesModel.swift in Sources */,
				226B63802AA78ACD004620EE /* JobPreview.swift in Sources */,
				2216EA6B2A8CF69C00C970DD /* LoginView.swift in Sources */,
				2216EA862A8D765500C970DD /* StartView.swift in Sources */,
				2216EA672A8CF24900C970DD /* AccountView.swift in Sources */,
				22E40B072A8C21AF00D3F91E /* APITypes.swift in Sources */,
				226B63862AA78C1F004620EE /* ApplicationPreview.swift in Sources */,
				226B637C2AA78A85004620EE /* JobPosting.swift in Sources */,
				226B63892AA790DB004620EE /* SignInForm.swift in Sources */,
				22B804252AA9037A008D7108 /* AccountHandler.swift in Sources */,
				226B63842AA78BCC004620EE /* JobForm.swift in Sources */,
				22E73EC82A8BFDDF0042CF01 /* ContentView.swift in Sources */,
				22D927812AA7B4DA0017678C /* SearchBarView.swift in Sources */,
				22B804212AA8F90A008D7108 /* FeedHandler.swift in Sources */,
				2216EA832A8D762400C970DD /* ExploreView.swift in Sources */,
				22B8046D2AA91D54008D7108 /* OwnApplicationsView.swift in Sources */,
				22B8046F2AA92781008D7108 /* AccountInfo.swift in Sources */,
				22B8041D2AA891ED008D7108 /* JobDetail.swift in Sources */,
				226B63822AA78BA1004620EE /* ApplicationForm.swift in Sources */,
				22D927832AA7B4FE0017678C /* JobListView.swift in Sources */,
				22B804632AA91570008D7108 /* UserModel.swift in Sources */,
				22B804692AA91D42008D7108 /* PreferencesView.swift in Sources */,
				22B8046B2AA91D4B008D7108 /* OwnJobsView.swift in Sources */,
				22B804672AA91D37008D7108 /* ProfileView.swift in Sources */,
				2216EA6F2A8D262400C970DD /* ErrorHandlingManager.swift in Sources */,
				2216EA712A8D2E7D00C970DD /* KeyChainManager.swift in Sources */,
				22B804612AA90EB7008D7108 /* ApplicationHandler.swift in Sources */,
				2216EA692A8CF5C800C970DD /* FeedView.swift in Sources */,
				2216EA812A8D761700C970DD /* PostView.swift in Sources */,
				22B8045F2AA90E9C008D7108 /* JobHandler.swift in Sources */,
				22E73EC62A8BFDDF0042CF01 /* mobileApp.swift in Sources */,
			);
			runOnlyForDeploymentPostprocessing = 0;
		};
		22E73ECE2A8BFDE10042CF01 /* Sources */ = {
			isa = PBXSourcesBuildPhase;
			buildActionMask = 2147483647;
			files = (
				22E73ED72A8BFDE10042CF01 /* mobileTests.swift in Sources */,
			);
			runOnlyForDeploymentPostprocessing = 0;
		};
		22E73ED82A8BFDE10042CF01 /* Sources */ = {
			isa = PBXSourcesBuildPhase;
			buildActionMask = 2147483647;
			files = (
				22E73EE32A8BFDE10042CF01 /* mobileUITestsLaunchTests.swift in Sources */,
				22E73EE12A8BFDE10042CF01 /* mobileUITests.swift in Sources */,
			);
			runOnlyForDeploymentPostprocessing = 0;
		};
/* End PBXSourcesBuildPhase section */

/* Begin PBXTargetDependency section */
		22E73ED42A8BFDE10042CF01 /* PBXTargetDependency */ = {
			isa = PBXTargetDependency;
			target = 22E73EC12A8BFDDF0042CF01 /* mobile */;
			targetProxy = 22E73ED32A8BFDE10042CF01 /* PBXContainerItemProxy */;
		};
		22E73EDE2A8BFDE10042CF01 /* PBXTargetDependency */ = {
			isa = PBXTargetDependency;
			target = 22E73EC12A8BFDDF0042CF01 /* mobile */;
			targetProxy = 22E73EDD2A8BFDE10042CF01 /* PBXContainerItemProxy */;
		};
/* End PBXTargetDependency section */

/* Begin XCBuildConfiguration section */
		22E73EE42A8BFDE10042CF01 /* Debug */ = {
			isa = XCBuildConfiguration;
			buildSettings = {
				ALWAYS_SEARCH_USER_PATHS = NO;
				CLANG_ANALYZER_NONNULL = YES;
				CLANG_ANALYZER_NUMBER_OBJECT_CONVERSION = YES_AGGRESSIVE;
				CLANG_CXX_LANGUAGE_STANDARD = "gnu++20";
				CLANG_ENABLE_MODULES = YES;
				CLANG_ENABLE_OBJC_ARC = YES;
				CLANG_ENABLE_OBJC_WEAK = YES;
				CLANG_WARN_BLOCK_CAPTURE_AUTORELEASING = YES;
				CLANG_WARN_BOOL_CONVERSION = YES;
				CLANG_WARN_COMMA = YES;
				CLANG_WARN_CONSTANT_CONVERSION = YES;
				CLANG_WARN_DEPRECATED_OBJC_IMPLEMENTATIONS = YES;
				CLANG_WARN_DIRECT_OBJC_ISA_USAGE = YES_ERROR;
				CLANG_WARN_DOCUMENTATION_COMMENTS = YES;
				CLANG_WARN_EMPTY_BODY = YES;
				CLANG_WARN_ENUM_CONVERSION = YES;
				CLANG_WARN_INFINITE_RECURSION = YES;
				CLANG_WARN_INT_CONVERSION = YES;
				CLANG_WARN_NON_LITERAL_NULL_CONVERSION = YES;
				CLANG_WARN_OBJC_IMPLICIT_RETAIN_SELF = YES;
				CLANG_WARN_OBJC_LITERAL_CONVERSION = YES;
				CLANG_WARN_OBJC_ROOT_CLASS = YES_ERROR;
				CLANG_WARN_QUOTED_INCLUDE_IN_FRAMEWORK_HEADER = YES;
				CLANG_WARN_RANGE_LOOP_ANALYSIS = YES;
				CLANG_WARN_STRICT_PROTOTYPES = YES;
				CLANG_WARN_SUSPICIOUS_MOVE = YES;
				CLANG_WARN_UNGUARDED_AVAILABILITY = YES_AGGRESSIVE;
				CLANG_WARN_UNREACHABLE_CODE = YES;
				CLANG_WARN__DUPLICATE_METHOD_MATCH = YES;
				COPY_PHASE_STRIP = NO;
				DEBUG_INFORMATION_FORMAT = dwarf;
				ENABLE_STRICT_OBJC_MSGSEND = YES;
				ENABLE_TESTABILITY = YES;
				GCC_C_LANGUAGE_STANDARD = gnu11;
				GCC_DYNAMIC_NO_PIC = NO;
				GCC_NO_COMMON_BLOCKS = YES;
				GCC_OPTIMIZATION_LEVEL = 0;
				GCC_PREPROCESSOR_DEFINITIONS = (
					"DEBUG=1",
					"$(inherited)",
				);
				GCC_WARN_64_TO_32_BIT_CONVERSION = YES;
				GCC_WARN_ABOUT_RETURN_TYPE = YES_ERROR;
				GCC_WARN_UNDECLARED_SELECTOR = YES;
				GCC_WARN_UNINITIALIZED_AUTOS = YES_AGGRESSIVE;
				GCC_WARN_UNUSED_FUNCTION = YES;
				GCC_WARN_UNUSED_VARIABLE = YES;
				IPHONEOS_DEPLOYMENT_TARGET = 16.4;
				MTL_ENABLE_DEBUG_INFO = INCLUDE_SOURCE;
				MTL_FAST_MATH = YES;
				ONLY_ACTIVE_ARCH = YES;
				SDKROOT = iphoneos;
				SWIFT_ACTIVE_COMPILATION_CONDITIONS = DEBUG;
				SWIFT_OPTIMIZATION_LEVEL = "-Onone";
			};
			name = Debug;
		};
		22E73EE52A8BFDE10042CF01 /* Release */ = {
			isa = XCBuildConfiguration;
			buildSettings = {
				ALWAYS_SEARCH_USER_PATHS = NO;
				CLANG_ANALYZER_NONNULL = YES;
				CLANG_ANALYZER_NUMBER_OBJECT_CONVERSION = YES_AGGRESSIVE;
				CLANG_CXX_LANGUAGE_STANDARD = "gnu++20";
				CLANG_ENABLE_MODULES = YES;
				CLANG_ENABLE_OBJC_ARC = YES;
				CLANG_ENABLE_OBJC_WEAK = YES;
				CLANG_WARN_BLOCK_CAPTURE_AUTORELEASING = YES;
				CLANG_WARN_BOOL_CONVERSION = YES;
				CLANG_WARN_COMMA = YES;
				CLANG_WARN_CONSTANT_CONVERSION = YES;
				CLANG_WARN_DEPRECATED_OBJC_IMPLEMENTATIONS = YES;
				CLANG_WARN_DIRECT_OBJC_ISA_USAGE = YES_ERROR;
				CLANG_WARN_DOCUMENTATION_COMMENTS = YES;
				CLANG_WARN_EMPTY_BODY = YES;
				CLANG_WARN_ENUM_CONVERSION = YES;
				CLANG_WARN_INFINITE_RECURSION = YES;
				CLANG_WARN_INT_CONVERSION = YES;
				CLANG_WARN_NON_LITERAL_NULL_CONVERSION = YES;
				CLANG_WARN_OBJC_IMPLICIT_RETAIN_SELF = YES;
				CLANG_WARN_OBJC_LITERAL_CONVERSION = YES;
				CLANG_WARN_OBJC_ROOT_CLASS = YES_ERROR;
				CLANG_WARN_QUOTED_INCLUDE_IN_FRAMEWORK_HEADER = YES;
				CLANG_WARN_RANGE_LOOP_ANALYSIS = YES;
				CLANG_WARN_STRICT_PROTOTYPES = YES;
				CLANG_WARN_SUSPICIOUS_MOVE = YES;
				CLANG_WARN_UNGUARDED_AVAILABILITY = YES_AGGRESSIVE;
				CLANG_WARN_UNREACHABLE_CODE = YES;
				CLANG_WARN__DUPLICATE_METHOD_MATCH = YES;
				COPY_PHASE_STRIP = NO;
				DEBUG_INFORMATION_FORMAT = "dwarf-with-dsym";
				ENABLE_NS_ASSERTIONS = NO;
				ENABLE_STRICT_OBJC_MSGSEND = YES;
				GCC_C_LANGUAGE_STANDARD = gnu11;
				GCC_NO_COMMON_BLOCKS = YES;
				GCC_WARN_64_TO_32_BIT_CONVERSION = YES;
				GCC_WARN_ABOUT_RETURN_TYPE = YES_ERROR;
				GCC_WARN_UNDECLARED_SELECTOR = YES;
				GCC_WARN_UNINITIALIZED_AUTOS = YES_AGGRESSIVE;
				GCC_WARN_UNUSED_FUNCTION = YES;
				GCC_WARN_UNUSED_VARIABLE = YES;
				IPHONEOS_DEPLOYMENT_TARGET = 16.4;
				MTL_ENABLE_DEBUG_INFO = NO;
				MTL_FAST_MATH = YES;
				SDKROOT = iphoneos;
				SWIFT_COMPILATION_MODE = wholemodule;
				SWIFT_OPTIMIZATION_LEVEL = "-O";
				VALIDATE_PRODUCT = YES;
			};
			name = Release;
		};
		22E73EE72A8BFDE10042CF01 /* Debug */ = {
			isa = XCBuildConfiguration;
			buildSettings = {
				ASSETCATALOG_COMPILER_APPICON_NAME = AppIcon;
				ASSETCATALOG_COMPILER_GLOBAL_ACCENT_COLOR_NAME = AccentColor;
				CODE_SIGN_STYLE = Automatic;
				CURRENT_PROJECT_VERSION = 1;
				DEVELOPMENT_ASSET_PATHS = "\"mobile/Preview Content\"";
				DEVELOPMENT_TEAM = 9X9M7XG36P;
				ENABLE_PREVIEWS = YES;
				GENERATE_INFOPLIST_FILE = YES;
				INFOPLIST_KEY_CFBundleDisplayName = Embloy;
				INFOPLIST_KEY_LSApplicationCategoryType = "public.app-category.business";
				INFOPLIST_KEY_UIApplicationSceneManifest_Generation = YES;
				INFOPLIST_KEY_UIApplicationSupportsIndirectInputEvents = YES;
				INFOPLIST_KEY_UILaunchScreen_Generation = YES;
				INFOPLIST_KEY_UISupportedInterfaceOrientations_iPad = "UIInterfaceOrientationPortrait UIInterfaceOrientationPortraitUpsideDown UIInterfaceOrientationLandscapeLeft UIInterfaceOrientationLandscapeRight";
				INFOPLIST_KEY_UISupportedInterfaceOrientations_iPhone = "UIInterfaceOrientationPortrait UIInterfaceOrientationLandscapeLeft UIInterfaceOrientationLandscapeRight";
				IPHONEOS_DEPLOYMENT_TARGET = 14.0;
				LD_RUNPATH_SEARCH_PATHS = (
					"$(inherited)",
					"@executable_path/Frameworks",
				);
				MARKETING_VERSION = 1.0;
				PRODUCT_BUNDLE_IDENTIFIER = com.embloy.mobile;
				PRODUCT_NAME = "$(TARGET_NAME)";
				SWIFT_EMIT_LOC_STRINGS = YES;
				SWIFT_VERSION = 5.0;
				TARGETED_DEVICE_FAMILY = "1,2";
			};
			name = Debug;
		};
		22E73EE82A8BFDE10042CF01 /* Release */ = {
			isa = XCBuildConfiguration;
			buildSettings = {
				ASSETCATALOG_COMPILER_APPICON_NAME = AppIcon;
				ASSETCATALOG_COMPILER_GLOBAL_ACCENT_COLOR_NAME = AccentColor;
				CODE_SIGN_STYLE = Automatic;
				CURRENT_PROJECT_VERSION = 1;
				DEVELOPMENT_ASSET_PATHS = "\"mobile/Preview Content\"";
				DEVELOPMENT_TEAM = 9X9M7XG36P;
				ENABLE_PREVIEWS = YES;
				GENERATE_INFOPLIST_FILE = YES;
				INFOPLIST_KEY_CFBundleDisplayName = Embloy;
				INFOPLIST_KEY_LSApplicationCategoryType = "public.app-category.business";
				INFOPLIST_KEY_UIApplicationSceneManifest_Generation = YES;
				INFOPLIST_KEY_UIApplicationSupportsIndirectInputEvents = YES;
				INFOPLIST_KEY_UILaunchScreen_Generation = YES;
				INFOPLIST_KEY_UISupportedInterfaceOrientations_iPad = "UIInterfaceOrientationPortrait UIInterfaceOrientationPortraitUpsideDown UIInterfaceOrientationLandscapeLeft UIInterfaceOrientationLandscapeRight";
				INFOPLIST_KEY_UISupportedInterfaceOrientations_iPhone = "UIInterfaceOrientationPortrait UIInterfaceOrientationLandscapeLeft UIInterfaceOrientationLandscapeRight";
				IPHONEOS_DEPLOYMENT_TARGET = 14.0;
				LD_RUNPATH_SEARCH_PATHS = (
					"$(inherited)",
					"@executable_path/Frameworks",
				);
				MARKETING_VERSION = 1.0;
				PRODUCT_BUNDLE_IDENTIFIER = com.embloy.mobile;
				PRODUCT_NAME = "$(TARGET_NAME)";
				SWIFT_EMIT_LOC_STRINGS = YES;
				SWIFT_VERSION = 5.0;
				TARGETED_DEVICE_FAMILY = "1,2";
			};
			name = Release;
		};
		22E73EEA2A8BFDE10042CF01 /* Debug */ = {
			isa = XCBuildConfiguration;
			buildSettings = {
				ALWAYS_EMBED_SWIFT_STANDARD_LIBRARIES = YES;
				BUNDLE_LOADER = "$(TEST_HOST)";
				CODE_SIGN_STYLE = Automatic;
				CURRENT_PROJECT_VERSION = 1;
				DEVELOPMENT_TEAM = 9X9M7XG36P;
				GENERATE_INFOPLIST_FILE = YES;
				IPHONEOS_DEPLOYMENT_TARGET = 16.4;
				MARKETING_VERSION = 1.0;
				PRODUCT_BUNDLE_IDENTIFIER = com.embloy.mobileTests;
				PRODUCT_NAME = "$(TARGET_NAME)";
				SWIFT_EMIT_LOC_STRINGS = NO;
				SWIFT_VERSION = 5.0;
				TARGETED_DEVICE_FAMILY = "1,2";
				TEST_HOST = "$(BUILT_PRODUCTS_DIR)/mobile.app/$(BUNDLE_EXECUTABLE_FOLDER_PATH)/mobile";
			};
			name = Debug;
		};
		22E73EEB2A8BFDE10042CF01 /* Release */ = {
			isa = XCBuildConfiguration;
			buildSettings = {
				ALWAYS_EMBED_SWIFT_STANDARD_LIBRARIES = YES;
				BUNDLE_LOADER = "$(TEST_HOST)";
				CODE_SIGN_STYLE = Automatic;
				CURRENT_PROJECT_VERSION = 1;
				DEVELOPMENT_TEAM = 9X9M7XG36P;
				GENERATE_INFOPLIST_FILE = YES;
				IPHONEOS_DEPLOYMENT_TARGET = 16.4;
				MARKETING_VERSION = 1.0;
				PRODUCT_BUNDLE_IDENTIFIER = com.embloy.mobileTests;
				PRODUCT_NAME = "$(TARGET_NAME)";
				SWIFT_EMIT_LOC_STRINGS = NO;
				SWIFT_VERSION = 5.0;
				TARGETED_DEVICE_FAMILY = "1,2";
				TEST_HOST = "$(BUILT_PRODUCTS_DIR)/mobile.app/$(BUNDLE_EXECUTABLE_FOLDER_PATH)/mobile";
			};
			name = Release;
		};
		22E73EED2A8BFDE10042CF01 /* Debug */ = {
			isa = XCBuildConfiguration;
			buildSettings = {
				ALWAYS_EMBED_SWIFT_STANDARD_LIBRARIES = YES;
				CODE_SIGN_STYLE = Automatic;
				CURRENT_PROJECT_VERSION = 1;
				DEVELOPMENT_TEAM = 9X9M7XG36P;
				GENERATE_INFOPLIST_FILE = YES;
				MARKETING_VERSION = 1.0;
				PRODUCT_BUNDLE_IDENTIFIER = com.embloy.mobileUITests;
				PRODUCT_NAME = "$(TARGET_NAME)";
				SWIFT_EMIT_LOC_STRINGS = NO;
				SWIFT_VERSION = 5.0;
				TARGETED_DEVICE_FAMILY = "1,2";
				TEST_TARGET_NAME = mobile;
			};
			name = Debug;
		};
		22E73EEE2A8BFDE10042CF01 /* Release */ = {
			isa = XCBuildConfiguration;
			buildSettings = {
				ALWAYS_EMBED_SWIFT_STANDARD_LIBRARIES = YES;
				CODE_SIGN_STYLE = Automatic;
				CURRENT_PROJECT_VERSION = 1;
				DEVELOPMENT_TEAM = 9X9M7XG36P;
				GENERATE_INFOPLIST_FILE = YES;
				MARKETING_VERSION = 1.0;
				PRODUCT_BUNDLE_IDENTIFIER = com.embloy.mobileUITests;
				PRODUCT_NAME = "$(TARGET_NAME)";
				SWIFT_EMIT_LOC_STRINGS = NO;
				SWIFT_VERSION = 5.0;
				TARGETED_DEVICE_FAMILY = "1,2";
				TEST_TARGET_NAME = mobile;
			};
			name = Release;
		};
/* End XCBuildConfiguration section */

/* Begin XCConfigurationList section */
		22E73EBD2A8BFDDF0042CF01 /* Build configuration list for PBXProject "mobile" */ = {
			isa = XCConfigurationList;
			buildConfigurations = (
				22E73EE42A8BFDE10042CF01 /* Debug */,
				22E73EE52A8BFDE10042CF01 /* Release */,
			);
			defaultConfigurationIsVisible = 0;
			defaultConfigurationName = Release;
		};
		22E73EE62A8BFDE10042CF01 /* Build configuration list for PBXNativeTarget "mobile" */ = {
			isa = XCConfigurationList;
			buildConfigurations = (
				22E73EE72A8BFDE10042CF01 /* Debug */,
				22E73EE82A8BFDE10042CF01 /* Release */,
			);
			defaultConfigurationIsVisible = 0;
			defaultConfigurationName = Release;
		};
		22E73EE92A8BFDE10042CF01 /* Build configuration list for PBXNativeTarget "mobileTests" */ = {
			isa = XCConfigurationList;
			buildConfigurations = (
				22E73EEA2A8BFDE10042CF01 /* Debug */,
				22E73EEB2A8BFDE10042CF01 /* Release */,
			);
			defaultConfigurationIsVisible = 0;
			defaultConfigurationName = Release;
		};
		22E73EEC2A8BFDE10042CF01 /* Build configuration list for PBXNativeTarget "mobileUITests" */ = {
			isa = XCConfigurationList;
			buildConfigurations = (
				22E73EED2A8BFDE10042CF01 /* Debug */,
				22E73EEE2A8BFDE10042CF01 /* Release */,
			);
			defaultConfigurationIsVisible = 0;
			defaultConfigurationName = Release;
		};
/* End XCConfigurationList section */

/* Begin XCRemoteSwiftPackageReference section */
		22B804192AA890BC008D7108 /* XCRemoteSwiftPackageReference "url-image" */ = {
			isa = XCRemoteSwiftPackageReference;
			repositoryURL = "https://github.com/dmytro-anokhin/url-image.git";
			requirement = {
				kind = upToNextMajorVersion;
				minimumVersion = 3.0.0;
			};
		};
/* End XCRemoteSwiftPackageReference section */

/* Begin XCSwiftPackageProductDependency section */
		22B8041A2AA890BC008D7108 /* URLImage */ = {
			isa = XCSwiftPackageProductDependency;
			package = 22B804192AA890BC008D7108 /* XCRemoteSwiftPackageReference "url-image" */;
			productName = URLImage;
		};
/* End XCSwiftPackageProductDependency section */
	};
	rootObject = 22E73EBA2A8BFDDF0042CF01 /* Project object */;
}
